
Microsoft Visual Studio Solution File, Format Version 12.00
# Visual Studio 15
VisualStudioVersion = 15.0.27703.2042
MinimumVisualStudioVersion = 10.0.40219.1
Project("{F2A71F9B-5D33-465A-A702-920D77279786}") = "FSPromise", "FSPromise\FSPromise.fsproj", "{D9416140-A7A0-478A-A5C5-EFE109895785}"
EndProject
Project("{F2A71F9B-5D33-465A-A702-920D77279786}") = "FSPromiseTest", "FSPromiseTest\FSPromiseTest.fsproj", "{EB4FE48F-AAEA-42BC-9793-5CF8AAE1DCC3}"
EndProject
Global
	GlobalSection(SolutionConfigurationPlatforms) = preSolution
		Debug|Any CPU = Debug|Any CPU
		Release|Any CPU = Release|Any CPU
	EndGlobalSection
	GlobalSection(ProjectConfigurationPlatforms) = postSolution
		{D9416140-A7A0-478A-A5C5-EFE109895785}.Debug|Any CPU.ActiveCfg = Debug|Any CPU
		{D9416140-A7A0-478A-A5C5-EFE109895785}.Debug|Any CPU.Build.0 = Debug|Any CPU
		{D9416140-A7A0-478A-A5C5-EFE109895785}.Release|Any CPU.ActiveCfg = Release|Any CPU
		{D9416140-A7A0-478A-A5C5-EFE109895785}.Release|Any CPU.Build.0 = Release|Any CPU
		{EB4FE48F-AAEA-42BC-9793-5CF8AAE1DCC3}.Debug|Any CPU.ActiveCfg = Debug|Any CPU
		{EB4FE48F-AAEA-42BC-9793-5CF8AAE1DCC3}.Debug|Any CPU.Build.0 = Debug|Any CPU
		{EB4FE48F-AAEA-42BC-9793-5CF8AAE1DCC3}.Release|Any CPU.ActiveCfg = Release|Any CPU
		{EB4FE48F-AAEA-42BC-9793-5CF8AAE1DCC3}.Release|Any CPU.Build.0 = Release|Any CPU
	EndGlobalSection
	GlobalSection(SolutionProperties) = preSolution
		HideSolutionNode = FALSE
	EndGlobalSection
	GlobalSection(ExtensibilityGlobals) = postSolution
		SolutionGuid = {99C7B8A1-A34F-4C88-AA8F-D0752B91CEB9}
	EndGlobalSection
EndGlobal
